
Microsoft Visual Studio Solution File, Format Version 12.00
Project("{FAE04EC0-301F-11D3-BF4B-00C04F79EFBC}") = "ServerCore", "ServerCore\ServerCore.csproj", "{CC2854BD-4EFA-47F0-8877-E15B36ADB405}"
EndProject
Project("{FAE04EC0-301F-11D3-BF4B-00C04F79EFBC}") = "LunchManager", "LunchManager\LunchManager.csproj", "{D9F80420-39A0-4E5D-A933-AF3272059D66}"
EndProject
Project("{FAE04EC0-301F-11D3-BF4B-00C04F79EFBC}") = "AccountManager", "AccountManager\AccountManager.csproj", "{5CA887D5-9E8B-489E-A95D-77786B2302C5}"
EndProject
Project("{FAE04EC0-301F-11D3-BF4B-00C04F79EFBC}") = "BusInfo", "BusInfo\BusInfo.csproj", "{161BDE71-B4CA-4B52-999E-6A933404B540}"
EndProject
Project("{FAE04EC0-301F-11D3-BF4B-00C04F79EFBC}") = "WebNews", "WebNews\WebNews.csproj", "{88DF1211-A287-45B6-AC86-04117CC11A36}"
EndProject
Project("{FAE04EC0-301F-11D3-BF4B-00C04F79EFBC}") = "AuthorizeKey", "..\AuthorizeKey\AuthorizeKey\AuthorizeKey.csproj", "{C4A4D4CE-7CD7-4A74-BA38-1F77575DDB67}"
EndProject
Global
	GlobalSection(SolutionConfigurationPlatforms) = preSolution
		Debug|Any CPU = Debug|Any CPU
		Release|Any CPU = Release|Any CPU
	EndGlobalSection
	GlobalSection(ProjectConfigurationPlatforms) = postSolution
		{CC2854BD-4EFA-47F0-8877-E15B36ADB405}.Debug|Any CPU.ActiveCfg = Debug|Any CPU
		{CC2854BD-4EFA-47F0-8877-E15B36ADB405}.Debug|Any CPU.Build.0 = Debug|Any CPU
		{CC2854BD-4EFA-47F0-8877-E15B36ADB405}.Release|Any CPU.ActiveCfg = Release|Any CPU
		{CC2854BD-4EFA-47F0-8877-E15B36ADB405}.Release|Any CPU.Build.0 = Release|Any CPU
		{D9F80420-39A0-4E5D-A933-AF3272059D66}.Debug|Any CPU.ActiveCfg = Debug|Any CPU
		{D9F80420-39A0-4E5D-A933-AF3272059D66}.Debug|Any CPU.Build.0 = Debug|Any CPU
		{D9F80420-39A0-4E5D-A933-AF3272059D66}.Release|Any CPU.ActiveCfg = Release|Any CPU
		{D9F80420-39A0-4E5D-A933-AF3272059D66}.Release|Any CPU.Build.0 = Release|Any CPU
		{5CA887D5-9E8B-489E-A95D-77786B2302C5}.Debug|Any CPU.ActiveCfg = Debug|Any CPU
		{5CA887D5-9E8B-489E-A95D-77786B2302C5}.Debug|Any CPU.Build.0 = Debug|Any CPU
		{5CA887D5-9E8B-489E-A95D-77786B2302C5}.Release|Any CPU.ActiveCfg = Release|Any CPU
		{5CA887D5-9E8B-489E-A95D-77786B2302C5}.Release|Any CPU.Build.0 = Release|Any CPU
		{161BDE71-B4CA-4B52-999E-6A933404B540}.Debug|Any CPU.ActiveCfg = Debug|Any CPU
		{161BDE71-B4CA-4B52-999E-6A933404B540}.Debug|Any CPU.Build.0 = Debug|Any CPU
		{161BDE71-B4CA-4B52-999E-6A933404B540}.Release|Any CPU.ActiveCfg = Release|Any CPU
		{161BDE71-B4CA-4B52-999E-6A933404B540}.Release|Any CPU.Build.0 = Release|Any CPU
		{88DF1211-A287-45B6-AC86-04117CC11A36}.Debug|Any CPU.ActiveCfg = Debug|Any CPU
		{88DF1211-A287-45B6-AC86-04117CC11A36}.Debug|Any CPU.Build.0 = Debug|Any CPU
		{88DF1211-A287-45B6-AC86-04117CC11A36}.Release|Any CPU.ActiveCfg = Release|Any CPU
		{88DF1211-A287-45B6-AC86-04117CC11A36}.Release|Any CPU.Build.0 = Release|Any CPU
		{C4A4D4CE-7CD7-4A74-BA38-1F77575DDB67}.Debug|Any CPU.ActiveCfg = Debug|Any CPU
		{C4A4D4CE-7CD7-4A74-BA38-1F77575DDB67}.Debug|Any CPU.Build.0 = Debug|Any CPU
		{C4A4D4CE-7CD7-4A74-BA38-1F77575DDB67}.Release|Any CPU.ActiveCfg = Release|Any CPU
		{C4A4D4CE-7CD7-4A74-BA38-1F77575DDB67}.Release|Any CPU.Build.0 = Release|Any CPU
	EndGlobalSection
EndGlobal
